# THIS IS AN AUTOGENERATED FILE. DO NOT EDIT THIS FILE DIRECTLY.
# yarn lockfile v1


"follow-redirects@^1.14.6":
  "integrity" "sha512-MQDfihBQYMcyy5dhRDJUHcw7lb2Pv/TuE6xP1vyraLukNDHKbDxDNaOE3NbCAdKQApno+GPRyo1YAp89yCjK4w=="
  "resolved" "https://registry.npmjs.org/follow-redirects/-/follow-redirects-1.14.9.tgz"
  "version" "1.14.9"

"ws@^8.5.0":
  "integrity" "sha512-BWX0SWVgLPzYwF8lTzEy1egjhS4S4OEAHfsO8o65WOVsrnSRGaSiUaa9e0ggGlkMTtBlmOpEXiie9RUcBO86qg=="
  "resolved" "https://registry.npmjs.org/ws/-/ws-8.5.0.tgz"
  "version" "8.5.0"
